
Microsoft Visual Studio Solution File, Format Version 12.00
# Visual Studio Version 16
VisualStudioVersion = 16.0.29806.167
MinimumVisualStudioVersion = 10.0.40219.1
Project("{FAE04EC0-301F-11D3-BF4B-00C04F79EFBC}") = "Reporting v1.0", "Reporting v1.0\Reporting v1.0.csproj", "{CE6F4F29-E0EF-4BBA-A6E5-78CD22DBAF63}"
EndProject
Project("{2150E333-8FDC-42A3-9474-1A3956D46DE8}") = "Solution Items", "Solution Items", "{18CA31B7-BC23-46F2-9178-55C27CF1F963}"
	ProjectSection(SolutionItems) = preProject
		.editorconfig = .editorconfig
	EndProjectSection
EndProject
Global
	GlobalSection(SolutionConfigurationPlatforms) = preSolution
		Debug|Any CPU = Debug|Any CPU
		Release|Any CPU = Release|Any CPU
	EndGlobalSection
	GlobalSection(ProjectConfigurationPlatforms) = postSolution
		{CE6F4F29-E0EF-4BBA-A6E5-78CD22DBAF63}.Debug|Any CPU.ActiveCfg = Debug|Any CPU
		{CE6F4F29-E0EF-4BBA-A6E5-78CD22DBAF63}.Debug|Any CPU.Build.0 = Debug|Any CPU
		{CE6F4F29-E0EF-4BBA-A6E5-78CD22DBAF63}.Release|Any CPU.ActiveCfg = Release|Any CPU
		{CE6F4F29-E0EF-4BBA-A6E5-78CD22DBAF63}.Release|Any CPU.Build.0 = Release|Any CPU
	EndGlobalSection
	GlobalSection(SolutionProperties) = preSolution
		HideSolutionNode = FALSE
	EndGlobalSection
	GlobalSection(ExtensibilityGlobals) = postSolution
		SolutionGuid = {129CFD53-8CD9-4712-80C6-9FFEB4E7D3B2}
	EndGlobalSection
EndGlobal
